
Microsoft Visual Studio Solution File, Format Version 12.00
# Visual Studio Version 17
VisualStudioVersion = 17.10.35027.167
MinimumVisualStudioVersion = 10.0.40219.1
Project("{2150E333-8FDC-42A3-9474-1A3956D46DE8}") = "Windows", "Windows", "{7B6FD89B-25BB-47FA-A61D-E760CCF9B657}"
EndProject
Project("{2150E333-8FDC-42A3-9474-1A3956D46DE8}") = "Docs", "Docs", "{66BD9582-29ED-4732-B6F4-7160B4A3ED9D}"
	ProjectSection(SolutionItems) = preProject
		readme.md = readme.md
	EndProjectSection
EndProject
Project("{2150E333-8FDC-42A3-9474-1A3956D46DE8}") = "Database", "Database", "{609698A7-D318-4BA4-BF2B-D3534C44EEC0}"
EndProject
Project("{2150E333-8FDC-42A3-9474-1A3956D46DE8}") = "Core", "Core", "{84A801EC-D094-4808-BCCE-3B39C8509D2B}"
EndProject
Project("{9A19103F-16F7-4668-BE54-9A1E7A4F7556}") = "nte.erp.core", "core\nte.erp.core\nte.erp.core.csproj", "{8A6C86CC-59B1-4574-860F-1091F5C575C6}"
EndProject
Project("{2150E333-8FDC-42A3-9474-1A3956D46DE8}") = "Services", "Services", "{3B236FE6-E8F5-43CB-9133-0B4AC12420B1}"
EndProject
Project("{2150E333-8FDC-42A3-9474-1A3956D46DE8}") = "Servers", "Servers", "{78DD352E-F6EE-4376-9DBA-FBCEE5306A91}"
EndProject
Project("{9A19103F-16F7-4668-BE54-9A1E7A4F7556}") = "nte.erp.services.invoices", "services\nte.erp.services\nte.erp.services.invoices.csproj", "{9715A5FF-8A7D-4E19-96B3-2CF8451939C9}"
EndProject
Project("{FAE04EC0-301F-11D3-BF4B-00C04F79EFBC}") = "nte.erp.data", "Database\nte.erp.data\nte.erp.data.csproj", "{E0B9CF2C-5660-4FB7-9246-DA4116DBD7C3}"
EndProject
Project("{9A19103F-16F7-4668-BE54-9A1E7A4F7556}") = "nte.erp.data.mssql", "database\nte.erp.data.mssql\nte.erp.data.mssql.csproj", "{5A06092D-BED2-446F-8CC5-190B9A4159C1}"
EndProject
Project("{FAE04EC0-301F-11D3-BF4B-00C04F79EFBC}") = "nte.erp.services.editor", "services\nte.erp.services.editor\nte.erp.services.editor.csproj", "{321458CE-9488-49D5-A4CA-67CC525D582F}"
EndProject
Project("{9A19103F-16F7-4668-BE54-9A1E7A4F7556}") = "nte.erp.client", "windows\nte.erp.client\nte.erp.client.csproj", "{882AF6DD-68D7-43B2-9A82-324726DF6610}"
EndProject
Global
	GlobalSection(SolutionConfigurationPlatforms) = preSolution
		Debug|Any CPU = Debug|Any CPU
		Debug|x86 = Debug|x86
		Release|Any CPU = Release|Any CPU
		Release|x86 = Release|x86
	EndGlobalSection
	GlobalSection(ProjectConfigurationPlatforms) = postSolution
		{8A6C86CC-59B1-4574-860F-1091F5C575C6}.Debug|Any CPU.ActiveCfg = Debug|Any CPU
		{8A6C86CC-59B1-4574-860F-1091F5C575C6}.Debug|Any CPU.Build.0 = Debug|Any CPU
		{8A6C86CC-59B1-4574-860F-1091F5C575C6}.Debug|x86.ActiveCfg = Debug|Any CPU
		{8A6C86CC-59B1-4574-860F-1091F5C575C6}.Debug|x86.Build.0 = Debug|Any CPU
		{8A6C86CC-59B1-4574-860F-1091F5C575C6}.Release|Any CPU.ActiveCfg = Release|Any CPU
		{8A6C86CC-59B1-4574-860F-1091F5C575C6}.Release|Any CPU.Build.0 = Release|Any CPU
		{8A6C86CC-59B1-4574-860F-1091F5C575C6}.Release|x86.ActiveCfg = Release|Any CPU
		{8A6C86CC-59B1-4574-860F-1091F5C575C6}.Release|x86.Build.0 = Release|Any CPU
		{9715A5FF-8A7D-4E19-96B3-2CF8451939C9}.Debug|Any CPU.ActiveCfg = Debug|Any CPU
		{9715A5FF-8A7D-4E19-96B3-2CF8451939C9}.Debug|Any CPU.Build.0 = Debug|Any CPU
		{9715A5FF-8A7D-4E19-96B3-2CF8451939C9}.Debug|x86.ActiveCfg = Debug|Any CPU
		{9715A5FF-8A7D-4E19-96B3-2CF8451939C9}.Debug|x86.Build.0 = Debug|Any CPU
		{9715A5FF-8A7D-4E19-96B3-2CF8451939C9}.Release|Any CPU.ActiveCfg = Release|Any CPU
		{9715A5FF-8A7D-4E19-96B3-2CF8451939C9}.Release|Any CPU.Build.0 = Release|Any CPU
		{9715A5FF-8A7D-4E19-96B3-2CF8451939C9}.Release|x86.ActiveCfg = Release|Any CPU
		{9715A5FF-8A7D-4E19-96B3-2CF8451939C9}.Release|x86.Build.0 = Release|Any CPU
		{E0B9CF2C-5660-4FB7-9246-DA4116DBD7C3}.Debug|Any CPU.ActiveCfg = Debug|Any CPU
		{E0B9CF2C-5660-4FB7-9246-DA4116DBD7C3}.Debug|Any CPU.Build.0 = Debug|Any CPU
		{E0B9CF2C-5660-4FB7-9246-DA4116DBD7C3}.Debug|x86.ActiveCfg = Debug|Any CPU
		{E0B9CF2C-5660-4FB7-9246-DA4116DBD7C3}.Debug|x86.Build.0 = Debug|Any CPU
		{E0B9CF2C-5660-4FB7-9246-DA4116DBD7C3}.Release|Any CPU.ActiveCfg = Release|Any CPU
		{E0B9CF2C-5660-4FB7-9246-DA4116DBD7C3}.Release|Any CPU.Build.0 = Release|Any CPU
		{E0B9CF2C-5660-4FB7-9246-DA4116DBD7C3}.Release|x86.ActiveCfg = Release|Any CPU
		{E0B9CF2C-5660-4FB7-9246-DA4116DBD7C3}.Release|x86.Build.0 = Release|Any CPU
		{5A06092D-BED2-446F-8CC5-190B9A4159C1}.Debug|Any CPU.ActiveCfg = Debug|Any CPU
		{5A06092D-BED2-446F-8CC5-190B9A4159C1}.Debug|Any CPU.Build.0 = Debug|Any CPU
		{5A06092D-BED2-446F-8CC5-190B9A4159C1}.Debug|x86.ActiveCfg = Debug|x86
		{5A06092D-BED2-446F-8CC5-190B9A4159C1}.Debug|x86.Build.0 = Debug|x86
		{5A06092D-BED2-446F-8CC5-190B9A4159C1}.Release|Any CPU.ActiveCfg = Release|Any CPU
		{5A06092D-BED2-446F-8CC5-190B9A4159C1}.Release|Any CPU.Build.0 = Release|Any CPU
		{5A06092D-BED2-446F-8CC5-190B9A4159C1}.Release|x86.ActiveCfg = Release|x86
		{5A06092D-BED2-446F-8CC5-190B9A4159C1}.Release|x86.Build.0 = Release|x86
		{321458CE-9488-49D5-A4CA-67CC525D582F}.Debug|Any CPU.ActiveCfg = Debug|Any CPU
		{321458CE-9488-49D5-A4CA-67CC525D582F}.Debug|Any CPU.Build.0 = Debug|Any CPU
		{321458CE-9488-49D5-A4CA-67CC525D582F}.Debug|x86.ActiveCfg = Debug|Any CPU
		{321458CE-9488-49D5-A4CA-67CC525D582F}.Debug|x86.Build.0 = Debug|Any CPU
		{321458CE-9488-49D5-A4CA-67CC525D582F}.Release|Any CPU.ActiveCfg = Release|Any CPU
		{321458CE-9488-49D5-A4CA-67CC525D582F}.Release|Any CPU.Build.0 = Release|Any CPU
		{321458CE-9488-49D5-A4CA-67CC525D582F}.Release|x86.ActiveCfg = Release|Any CPU
		{321458CE-9488-49D5-A4CA-67CC525D582F}.Release|x86.Build.0 = Release|Any CPU
		{882AF6DD-68D7-43B2-9A82-324726DF6610}.Debug|Any CPU.ActiveCfg = Debug|Any CPU
		{882AF6DD-68D7-43B2-9A82-324726DF6610}.Debug|Any CPU.Build.0 = Debug|Any CPU
		{882AF6DD-68D7-43B2-9A82-324726DF6610}.Debug|x86.ActiveCfg = Debug|Any CPU
		{882AF6DD-68D7-43B2-9A82-324726DF6610}.Debug|x86.Build.0 = Debug|Any CPU
		{882AF6DD-68D7-43B2-9A82-324726DF6610}.Release|Any CPU.ActiveCfg = Release|Any CPU
		{882AF6DD-68D7-43B2-9A82-324726DF6610}.Release|Any CPU.Build.0 = Release|Any CPU
		{882AF6DD-68D7-43B2-9A82-324726DF6610}.Release|x86.ActiveCfg = Release|Any CPU
		{882AF6DD-68D7-43B2-9A82-324726DF6610}.Release|x86.Build.0 = Release|Any CPU
	EndGlobalSection
	GlobalSection(SolutionProperties) = preSolution
		HideSolutionNode = FALSE
	EndGlobalSection
	GlobalSection(NestedProjects) = preSolution
		{8A6C86CC-59B1-4574-860F-1091F5C575C6} = {84A801EC-D094-4808-BCCE-3B39C8509D2B}
		{9715A5FF-8A7D-4E19-96B3-2CF8451939C9} = {3B236FE6-E8F5-43CB-9133-0B4AC12420B1}
		{E0B9CF2C-5660-4FB7-9246-DA4116DBD7C3} = {609698A7-D318-4BA4-BF2B-D3534C44EEC0}
		{5A06092D-BED2-446F-8CC5-190B9A4159C1} = {609698A7-D318-4BA4-BF2B-D3534C44EEC0}
		{321458CE-9488-49D5-A4CA-67CC525D582F} = {3B236FE6-E8F5-43CB-9133-0B4AC12420B1}
		{882AF6DD-68D7-43B2-9A82-324726DF6610} = {7B6FD89B-25BB-47FA-A61D-E760CCF9B657}
	EndGlobalSection
	GlobalSection(ExtensibilityGlobals) = postSolution
		SolutionGuid = {AF097253-A0FA-48F7-9D44-284FEB2E2A81}
	EndGlobalSection
EndGlobal
